
Microsoft Visual Studio Solution File, Format Version 12.00
# Visual Studio Version 17
VisualStudioVersion = 17.8.34525.116
MinimumVisualStudioVersion = 10.0.40219.1
Project("{9A19103F-16F7-4668-BE54-9A1E7A4F7556}") = "Intro", "Intro\Intro.csproj", "{2918FDA1-472A-4455-ACA9-EE5C6D99CDFF}"
EndProject
Project("{FAE04EC0-301F-11D3-BF4B-00C04F79EFBC}") = "CrudOperation", "CrudOperation\CrudOperation.csproj", "{5580AF77-DEC2-48C4-8425-EBAFE5C755C6}"
EndProject
Global
	GlobalSection(SolutionConfigurationPlatforms) = preSolution
		Debug|Any CPU = Debug|Any CPU
		Release|Any CPU = Release|Any CPU
	EndGlobalSection
	GlobalSection(ProjectConfigurationPlatforms) = postSolution
		{2918FDA1-472A-4455-ACA9-EE5C6D99CDFF}.Debug|Any CPU.ActiveCfg = Debug|Any CPU
		{2918FDA1-472A-4455-ACA9-EE5C6D99CDFF}.Debug|Any CPU.Build.0 = Debug|Any CPU
		{2918FDA1-472A-4455-ACA9-EE5C6D99CDFF}.Release|Any CPU.ActiveCfg = Release|Any CPU
		{2918FDA1-472A-4455-ACA9-EE5C6D99CDFF}.Release|Any CPU.Build.0 = Release|Any CPU
		{5580AF77-DEC2-48C4-8425-EBAFE5C755C6}.Debug|Any CPU.ActiveCfg = Debug|Any CPU
		{5580AF77-DEC2-48C4-8425-EBAFE5C755C6}.Debug|Any CPU.Build.0 = Debug|Any CPU
		{5580AF77-DEC2-48C4-8425-EBAFE5C755C6}.Release|Any CPU.ActiveCfg = Release|Any CPU
		{5580AF77-DEC2-48C4-8425-EBAFE5C755C6}.Release|Any CPU.Build.0 = Release|Any CPU
	EndGlobalSection
	GlobalSection(SolutionProperties) = preSolution
		HideSolutionNode = FALSE
	EndGlobalSection
	GlobalSection(ExtensibilityGlobals) = postSolution
		SolutionGuid = {10609232-8E58-41D3-A8D1-171F0851D45A}
	EndGlobalSection
EndGlobal
